// !$*UTF8*$!
{
	archiveVersion = 1;
	classes = {
	};
	objectVersion = 77;
	objects = {

/* Begin PBXContainerItemProxy section */
		8AA56F1C2E6028F90006BC35 /* PBXContainerItemProxy */ = {
			isa = PBXContainerItemProxy;
			containerPortal = 8AA56F062E6028F70006BC35 /* Project object */;
			proxyType = 1;
			remoteGlobalIDString = 8AA56F0D2E6028F70006BC35;
			remoteInfo = TaskFlowAI;
		};
		8AA56F262E6028F90006BC35 /* PBXContainerItemProxy */ = {
			isa = PBXContainerItemProxy;
			containerPortal = 8AA56F062E6028F70006BC35 /* Project object */;
			proxyType = 1;
			remoteGlobalIDString = 8AA56F0D2E6028F70006BC35;
			remoteInfo = TaskFlowAI;
		};
/* End PBXContainerItemProxy section */

/* Begin PBXFileReference section */
		8AA56F0E2E6028F70006BC35 /* TaskFlowAI.app */ = {isa = PBXFileReference; explicitFileType = wrapper.application; includeInIndex = 0; path = TaskFlowAI.app; sourceTree = BUILT_PRODUCTS_DIR; };
		8AA56F1B2E6028F90006BC35 /* TaskFlowAITests.xctest */ = {isa = PBXFileReference; explicitFileType = wrapper.cfbundle; includeInIndex = 0; path = TaskFlowAITests.xctest; sourceTree = BUILT_PRODUCTS_DIR; };
		8AA56F252E6028F90006BC35 /* TaskFlowAIUITests.xctest */ = {isa = PBXFileReference; explicitFileType = wrapper.cfbundle; includeInIndex = 0; path = TaskFlowAIUITests.xctest; sourceTree = BUILT_PRODUCTS_DIR; };
/* End PBXFileReference section */

/* Begin PBXFileSystemSynchronizedRootGroup section */
		8AA56F102E6028F70006BC35 /* TaskFlowAI */ = {
			isa = PBXFileSystemSynchronizedRootGroup;
			path = TaskFlowAI;
			sourceTree = "<group>";
		};
		8AA56F1E2E6028F90006BC35 /* TaskFlowAITests */ = {
			isa = PBXFileSystemSynchronizedRootGroup;
			path = TaskFlowAITests;
			sourceTree = "<group>";
		};
		8AA56F282E6028F90006BC35 /* TaskFlowAIUITests */ = {
			isa = PBXFileSystemSynchronizedRootGroup;
			path = TaskFlowAIUITests;
			sourceTree = "<group>";
		};
/* End PBXFileSystemSynchronizedRootGroup section */

/* Begin PBXFrameworksBuildPhase section */
		8AA56F0B2E6028F70006BC35 /* Frameworks */ = {
			isa = PBXFrameworksBuildPhase;
			buildActionMask = 2147483647;
			files = (
			);
			runOnlyForDeploymentPostprocessing = 0;
		};
		8AA56F182E6028F90006BC35 /* Frameworks */ = {
			isa = PBXFrameworksBuildPhase;
			buildActionMask = 2147483647;
			files = (
			);
			runOnlyForDeploymentPostprocessing = 0;
		};
		8AA56F222E6028F90006BC35 /* Frameworks */ = {
			isa = PBXFrameworksBuildPhase;
			buildActionMask = 2147483647;
			files = (
			);
			runOnlyForDeploymentPostprocessing = 0;
		};
/* End PBXFrameworksBuildPhase section */

/* Begin PBXGroup section */
		8AA56F052E6028F70006BC35 = {
			isa = PBXGroup;
			children = (
				8AA56F102E6028F70006BC35 /* TaskFlowAI */,
				8AA56F1E2E6028F90006BC35 /* TaskFlowAITests */,
				8AA56F282E6028F90006BC35 /* TaskFlowAIUITests */,
				8AA56F0F2E6028F70006BC35 /* Products */,
			);
			sourceTree = "<group>";
		};
		8AA56F0F2E6028F70006BC35 /* Products */ = {
			isa = PBXGroup;
			children = (
				8AA56F0E2E6028F70006BC35 /* TaskFlowAI.app */,
				8AA56F1B2E6028F90006BC35 /* TaskFlowAITests.xctest */,
				8AA56F252E6028F90006BC35 /* TaskFlowAIUITests.xctest */,
			);
			name = Products;
			sourceTree = "<group>";
		};
/* End PBXGroup section */

/* Begin PBXNativeTarget section */
		8AA56F0D2E6028F70006BC35 /* TaskFlowAI */ = {
			isa = PBXNativeTarget;
			buildConfigurationList = 8AA56F2F2E6028F90006BC35 /* Build configuration list for PBXNativeTarget "TaskFlowAI" */;
			buildPhases = (
				8AA56F0A2E6028F70006BC35 /* Sources */,
				8AA56F0B2E6028F70006BC35 /* Frameworks */,
				8AA56F0C2E6028F70006BC35 /* Resources */,
			);
			buildRules = (
			);
			dependencies = (
			);
			fileSystemSynchronizedGroups = (
				8AA56F102E6028F70006BC35 /* TaskFlowAI */,
			);
			name = TaskFlowAI;
			packageProductDependencies = (
			);
			productName = TaskFlowAI;
			productReference = 8AA56F0E2E6028F70006BC35 /* TaskFlowAI.app */;
			productType = "com.apple.product-type.application";
		};
		8AA56F1A2E6028F90006BC35 /* TaskFlowAITests */ = {
			isa = PBXNativeTarget;
			buildConfigurationList = 8AA56F322E6028F90006BC35 /* Build configuration list for PBXNativeTarget "TaskFlowAITests" */;
			buildPhases = (
				8AA56F172E6028F90006BC35 /* Sources */,
				8AA56F182E6028F90006BC35 /* Frameworks */,
				8AA56F192E6028F90006BC35 /* Resources */,
			);
			buildRules = (
			);
			dependencies = (
				8AA56F1D2E6028F90006BC35 /* PBXTargetDependency */,
			);
			fileSystemSynchronizedGroups = (
				8AA56F1E2E6028F90006BC35 /* TaskFlowAITests */,
			);
			name = TaskFlowAITests;
			packageProductDependencies = (
			);
			productName = TaskFlowAITests;
			productReference = 8AA56F1B2E6028F90006BC35 /* TaskFlowAITests.xctest */;
			productType = "com.apple.product-type.bundle.unit-test";
		};
		8AA56F242E6028F90006BC35 /* TaskFlowAIUITests */ = {
			isa = PBXNativeTarget;
			buildConfigurationList = 8AA56F352E6028F90006BC35 /* Build configuration list for PBXNativeTarget "TaskFlowAIUITests" */;
			buildPhases = (
				8AA56F212E6028F90006BC35 /* Sources */,
				8AA56F222E6028F90006BC35 /* Frameworks */,
				8AA56F232E6028F90006BC35 /* Resources */,
			);
			buildRules = (
			);
			dependencies = (
				8AA56F272E6028F90006BC35 /* PBXTargetDependency */,
			);
			fileSystemSynchronizedGroups = (
				8AA56F282E6028F90006BC35 /* TaskFlowAIUITests */,
			);
			name = TaskFlowAIUITests;
			packageProductDependencies = (
			);
			productName = TaskFlowAIUITests;
			productReference = 8AA56F252E6028F90006BC35 /* TaskFlowAIUITests.xctest */;
			productType = "com.apple.product-type.bundle.ui-testing";
		};
/* End PBXNativeTarget section */

/* Begin PBXProject section */
		8AA56F062E6028F70006BC35 /* Project object */ = {
			isa = PBXProject;
			attributes = {
				BuildIndependentTargetsInParallel = 1;
				LastSwiftUpdateCheck = 1640;
				LastUpgradeCheck = 1640;
				TargetAttributes = {
					8AA56F0D2E6028F70006BC35 = {
						CreatedOnToolsVersion = 16.4;
					};
					8AA56F1A2E6028F90006BC35 = {
						CreatedOnToolsVersion = 16.4;
						TestTargetID = 8AA56F0D2E6028F70006BC35;
					};
					8AA56F242E6028F90006BC35 = {
						CreatedOnToolsVersion = 16.4;
						TestTargetID = 8AA56F0D2E6028F70006BC35;
					};
				};
			};
			buildConfigurationList = 8AA56F092E6028F70006BC35 /* Build configuration list for PBXProject "TaskFlowAI" */;
			developmentRegion = en;
			hasScannedForEncodings = 0;
			knownRegions = (
				en,
				Base,
			);
			mainGroup = 8AA56F052E6028F70006BC35;
			minimizedProjectReferenceProxies = 1;
			preferredProjectObjectVersion = 77;
			productRefGroup = 8AA56F0F2E6028F70006BC35 /* Products */;
			projectDirPath = "";
			projectRoot = "";
			targets = (
				8AA56F0D2E6028F70006BC35 /* TaskFlowAI */,
				8AA56F1A2E6028F90006BC35 /* TaskFlowAITests */,
				8AA56F242E6028F90006BC35 /* TaskFlowAIUITests */,
			);
		};
/* End PBXProject section */

/* Begin PBXResourcesBuildPhase section */
		8AA56F0C2E6028F70006BC35 /* Resources */ = {
			isa = PBXResourcesBuildPhase;
			buildActionMask = 2147483647;
			files = (
			);
			runOnlyForDeploymentPostprocessing = 0;
		};
		8AA56F192E6028F90006BC35 /* Resources */ = {
			isa = PBXResourcesBuildPhase;
			buildActionMask = 2147483647;
			files = (
			);
			runOnlyForDeploymentPostprocessing = 0;
		};
		8AA56F232E6028F90006BC35 /* Resources */ = {
			isa = PBXResourcesBuildPhase;
			buildActionMask = 2147483647;
			files = (
			);
			runOnlyForDeploymentPostprocessing = 0;
		};
/* End PBXResourcesBuildPhase section */

/* Begin PBXSourcesBuildPhase section */
		8AA56F0A2E6028F70006BC35 /* Sources */ = {
			isa = PBXSourcesBuildPhase;
			buildActionMask = 2147483647;
			files = (
			);
			runOnlyForDeploymentPostprocessing = 0;
		};
		8AA56F172E6028F90006BC35 /* Sources */ = {
			isa = PBXSourcesBuildPhase;
			buildActionMask = 2147483647;
			files = (
			);
			runOnlyForDeploymentPostprocessing = 0;
		};
		8AA56F212E6028F90006BC35 /* Sources */ = {
			isa = PBXSourcesBuildPhase;
			buildActionMask = 2147483647;
			files = (
			);
			runOnlyForDeploymentPostprocessing = 0;
		};
/* End PBXSourcesBuildPhase section */

/* Begin PBXTargetDependency section */
		8AA56F1D2E6028F90006BC35 /* PBXTargetDependency */ = {
			isa = PBXTargetDependency;
			target = 8AA56F0D2E6028F70006BC35 /* TaskFlowAI */;
			targetProxy = 8AA56F1C2E6028F90006BC35 /* PBXContainerItemProxy */;
		};
		8AA56F272E6028F90006BC35 /* PBXTargetDependency */ = {
			isa = PBXTargetDependency;
			target = 8AA56F0D2E6028F70006BC35 /* TaskFlowAI */;
			targetProxy = 8AA56F262E6028F90006BC35 /* PBXContainerItemProxy */;
		};
/* End PBXTargetDependency section */

/* Begin XCBuildConfiguration section */
		8AA56F2D2E6028F90006BC35 /* Debug */ = {
			isa = XCBuildConfiguration;
			buildSettings = {
				ALWAYS_SEARCH_USER_PATHS = NO;
				ASSETCATALOG_COMPILER_GENERATE_SWIFT_ASSET_SYMBOL_EXTENSIONS = YES;
				CLANG_ANALYZER_NONNULL = YES;
				CLANG_ANALYZER_NUMBER_OBJECT_CONVERSION = YES_AGGRESSIVE;
				CLANG_CXX_LANGUAGE_STANDARD = "gnu++20";
				CLANG_ENABLE_MODULES = YES;
				CLANG_ENABLE_OBJC_ARC = YES;
				CLANG_ENABLE_OBJC_WEAK = YES;
				CLANG_WARN_BLOCK_CAPTURE_AUTORELEASING = YES;
				CLANG_WARN_BOOL_CONVERSION = YES;
				CLANG_WARN_COMMA = YES;
				CLANG_WARN_CONSTANT_CONVERSION = YES;
				CLANG_WARN_DEPRECATED_OBJC_IMPLEMENTATIONS = YES;
				CLANG_WARN_DIRECT_OBJC_ISA_USAGE = YES_ERROR;
				CLANG_WARN_DOCUMENTATION_COMMENTS = YES;
				CLANG_WARN_EMPTY_BODY = YES;
				CLANG_WARN_ENUM_CONVERSION = YES;
				CLANG_WARN_INFINITE_RECURSION = YES;
				CLANG_WARN_INT_CONVERSION = YES;
				CLANG_WARN_NON_LITERAL_NULL_CONVERSION = YES;
				CLANG_WARN_OBJC_IMPLICIT_RETAIN_SELF = YES;
				CLANG_WARN_OBJC_LITERAL_CONVERSION = YES;
				CLANG_WARN_OBJC_ROOT_CLASS = YES_ERROR;
				CLANG_WARN_QUOTED_INCLUDE_IN_FRAMEWORK_HEADER = YES;
				CLANG_WARN_RANGE_LOOP_ANALYSIS = YES;
				CLANG_WARN_STRICT_PROTOTYPES = YES;
				CLANG_WARN_SUSPICIOUS_MOVE = YES;
				CLANG_WARN_UNGUARDED_AVAILABILITY = YES_AGGRESSIVE;
				CLANG_WARN_UNREACHABLE_CODE = YES;
				CLANG_WARN__DUPLICATE_METHOD_MATCH = YES;
				COPY_PHASE_STRIP = NO;
				DEBUG_INFORMATION_FORMAT = dwarf;
				DEVELOPMENT_TEAM = VKJ7JDRX46;
				ENABLE_STRICT_OBJC_MSGSEND = YES;
				ENABLE_TESTABILITY = YES;
				ENABLE_USER_SCRIPT_SANDBOXING = YES;
				GCC_C_LANGUAGE_STANDARD = gnu17;
				GCC_DYNAMIC_NO_PIC = NO;
				GCC_NO_COMMON_BLOCKS = YES;
				GCC_OPTIMIZATION_LEVEL = 0;
				GCC_PREPROCESSOR_DEFINITIONS = (
					"DEBUG=1",
					"$(inherited)",
				);
				GCC_WARN_64_TO_32_BIT_CONVERSION = YES;
				GCC_WARN_ABOUT_RETURN_TYPE = YES_ERROR;
				GCC_WARN_UNDECLARED_SELECTOR = YES;
				GCC_WARN_UNINITIALIZED_AUTOS = YES_AGGRESSIVE;
				GCC_WARN_UNUSED_FUNCTION = YES;
				GCC_WARN_UNUSED_VARIABLE = YES;
				IPHONEOS_DEPLOYMENT_TARGET = 18.5;
				LOCALIZATION_PREFERS_STRING_CATALOGS = YES;
				MTL_ENABLE_DEBUG_INFO = INCLUDE_SOURCE;
				MTL_FAST_MATH = YES;
				ONLY_ACTIVE_ARCH = YES;
				SDKROOT = iphoneos;
				SWIFT_ACTIVE_COMPILATION_CONDITIONS = "DEBUG $(inherited)";
				SWIFT_OPTIMIZATION_LEVEL = "-Onone";
			};
			name = Debug;
		};
		8AA56F2E2E6028F90006BC35 /* Release */ = {
			isa = XCBuildConfiguration;
			buildSettings = {
				ALWAYS_SEARCH_USER_PATHS = NO;
				ASSETCATALOG_COMPILER_GENERATE_SWIFT_ASSET_SYMBOL_EXTENSIONS = YES;
				CLANG_ANALYZER_NONNULL = YES;
				CLANG_ANALYZER_NUMBER_OBJECT_CONVERSION = YES_AGGRESSIVE;
				CLANG_CXX_LANGUAGE_STANDARD = "gnu++20";
				CLANG_ENABLE_MODULES = YES;
				CLANG_ENABLE_OBJC_ARC = YES;
				CLANG_ENABLE_OBJC_WEAK = YES;
				CLANG_WARN_BLOCK_CAPTURE_AUTORELEASING = YES;
				CLANG_WARN_BOOL_CONVERSION = YES;
				CLANG_WARN_COMMA = YES;
				CLANG_WARN_CONSTANT_CONVERSION = YES;
				CLANG_WARN_DEPRECATED_OBJC_IMPLEMENTATIONS = YES;
				CLANG_WARN_DIRECT_OBJC_ISA_USAGE = YES_ERROR;
				CLANG_WARN_DOCUMENTATION_COMMENTS = YES;
				CLANG_WARN_EMPTY_BODY = YES;
				CLANG_WARN_ENUM_CONVERSION = YES;
				CLANG_WARN_INFINITE_RECURSION = YES;
				CLANG_WARN_INT_CONVERSION = YES;
				CLANG_WARN_NON_LITERAL_NULL_CONVERSION = YES;
				CLANG_WARN_OBJC_IMPLICIT_RETAIN_SELF = YES;
				CLANG_WARN_OBJC_LITERAL_CONVERSION = YES;
				CLANG_WARN_OBJC_ROOT_CLASS = YES_ERROR;
				CLANG_WARN_QUOTED_INCLUDE_IN_FRAMEWORK_HEADER = YES;
				CLANG_WARN_RANGE_LOOP_ANALYSIS = YES;
				CLANG_WARN_STRICT_PROTOTYPES = YES;
				CLANG_WARN_SUSPICIOUS_MOVE = YES;
				CLANG_WARN_UNGUARDED_AVAILABILITY = YES_AGGRESSIVE;
				CLANG_WARN_UNREACHABLE_CODE = YES;
				CLANG_WARN__DUPLICATE_METHOD_MATCH = YES;
				COPY_PHASE_STRIP = NO;
				DEBUG_INFORMATION_FORMAT = "dwarf-with-dsym";
				DEVELOPMENT_TEAM = VKJ7JDRX46;
				ENABLE_NS_ASSERTIONS = NO;
				ENABLE_STRICT_OBJC_MSGSEND = YES;
				ENABLE_USER_SCRIPT_SANDBOXING = YES;
				GCC_C_LANGUAGE_STANDARD = gnu17;
				GCC_NO_COMMON_BLOCKS = YES;
				GCC_WARN_64_TO_32_BIT_CONVERSION = YES;
				GCC_WARN_ABOUT_RETURN_TYPE = YES_ERROR;
				GCC_WARN_UNDECLARED_SELECTOR = YES;
				GCC_WARN_UNINITIALIZED_AUTOS = YES_AGGRESSIVE;
				GCC_WARN_UNUSED_FUNCTION = YES;
				GCC_WARN_UNUSED_VARIABLE = YES;
				IPHONEOS_DEPLOYMENT_TARGET = 18.5;
				LOCALIZATION_PREFERS_STRING_CATALOGS = YES;
				MTL_ENABLE_DEBUG_INFO = NO;
				MTL_FAST_MATH = YES;
				SDKROOT = iphoneos;
				SWIFT_COMPILATION_MODE = wholemodule;
				VALIDATE_PRODUCT = YES;
			};
			name = Release;
		};
		8AA56F302E6028F90006BC35 /* Debug */ = {
			isa = XCBuildConfiguration;
			buildSettings = {
				ASSETCATALOG_COMPILER_APPICON_NAME = AppIcon;
				ASSETCATALOG_COMPILER_GLOBAL_ACCENT_COLOR_NAME = AccentColor;
				CODE_SIGN_STYLE = Automatic;
				CURRENT_PROJECT_VERSION = 1;
				DEVELOPMENT_TEAM = VKJ7JDRX46;
				ENABLE_PREVIEWS = YES;
				GENERATE_INFOPLIST_FILE = YES;
				INFOPLIST_KEY_UIApplicationSceneManifest_Generation = YES;
				INFOPLIST_KEY_UIApplicationSupportsIndirectInputEvents = YES;
				INFOPLIST_KEY_UILaunchScreen_Generation = YES;
				INFOPLIST_KEY_UISupportedInterfaceOrientations_iPad = "UIInterfaceOrientationPortrait UIInterfaceOrientationPortraitUpsideDown UIInterfaceOrientationLandscapeLeft UIInterfaceOrientationLandscapeRight";
				INFOPLIST_KEY_UISupportedInterfaceOrientations_iPhone = "UIInterfaceOrientationPortrait UIInterfaceOrientationLandscapeLeft UIInterfaceOrientationLandscapeRight";
				LD_RUNPATH_SEARCH_PATHS = (
					"$(inherited)",
					"@executable_path/Frameworks",
				);
				MARKETING_VERSION = 1.0;
				PRODUCT_BUNDLE_IDENTIFIER = com.appvantagestech.TaskFlowAI;
				PRODUCT_NAME = "$(TARGET_NAME)";
				SWIFT_EMIT_LOC_STRINGS = YES;
				SWIFT_VERSION = 5.0;
				TARGETED_DEVICE_FAMILY = "1,2";
			};
			name = Debug;
		};
		8AA56F312E6028F90006BC35 /* Release */ = {
			isa = XCBuildConfiguration;
			buildSettings = {
				ASSETCATALOG_COMPILER_APPICON_NAME = AppIcon;
				ASSETCATALOG_COMPILER_GLOBAL_ACCENT_COLOR_NAME = AccentColor;
				CODE_SIGN_STYLE = Automatic;
				CURRENT_PROJECT_VERSION = 1;
				DEVELOPMENT_TEAM = VKJ7JDRX46;
				ENABLE_PREVIEWS = YES;
				GENERATE_INFOPLIST_FILE = YES;
				INFOPLIST_KEY_UIApplicationSceneManifest_Generation = YES;
				INFOPLIST_KEY_UIApplicationSupportsIndirectInputEvents = YES;
				INFOPLIST_KEY_UILaunchScreen_Generation = YES;
				INFOPLIST_KEY_UISupportedInterfaceOrientations_iPad = "UIInterfaceOrientationPortrait UIInterfaceOrientationPortraitUpsideDown UIInterfaceOrientationLandscapeLeft UIInterfaceOrientationLandscapeRight";
				INFOPLIST_KEY_UISupportedInterfaceOrientations_iPhone = "UIInterfaceOrientationPortrait UIInterfaceOrientationLandscapeLeft UIInterfaceOrientationLandscapeRight";
				LD_RUNPATH_SEARCH_PATHS = (
					"$(inherited)",
					"@executable_path/Frameworks",
				);
				MARKETING_VERSION = 1.0;
				PRODUCT_BUNDLE_IDENTIFIER = com.appvantagestech.TaskFlowAI;
				PRODUCT_NAME = "$(TARGET_NAME)";
				SWIFT_EMIT_LOC_STRINGS = YES;
				SWIFT_VERSION = 5.0;
				TARGETED_DEVICE_FAMILY = "1,2";
			};
			name = Release;
		};
		8AA56F332E6028F90006BC35 /* Debug */ = {
			isa = XCBuildConfiguration;
			buildSettings = {
				BUNDLE_LOADER = "$(TEST_HOST)";
				CODE_SIGN_STYLE = Automatic;
				CURRENT_PROJECT_VERSION = 1;
				DEVELOPMENT_TEAM = VKJ7JDRX46;
				GENERATE_INFOPLIST_FILE = YES;
				IPHONEOS_DEPLOYMENT_TARGET = 18.5;
				MARKETING_VERSION = 1.0;
				PRODUCT_BUNDLE_IDENTIFIER = com.appvantagestech.TaskFlowAITests;
				PRODUCT_NAME = "$(TARGET_NAME)";
				SWIFT_EMIT_LOC_STRINGS = NO;
				SWIFT_VERSION = 5.0;
				TARGETED_DEVICE_FAMILY = "1,2";
				TEST_HOST = "$(BUILT_PRODUCTS_DIR)/TaskFlowAI.app/$(BUNDLE_EXECUTABLE_FOLDER_PATH)/TaskFlowAI";
			};
			name = Debug;
		};
		8AA56F342E6028F90006BC35 /* Release */ = {
			isa = XCBuildConfiguration;
			buildSettings = {
				BUNDLE_LOADER = "$(TEST_HOST)";
				CODE_SIGN_STYLE = Automatic;
				CURRENT_PROJECT_VERSION = 1;
				DEVELOPMENT_TEAM = VKJ7JDRX46;
				GENERATE_INFOPLIST_FILE = YES;
				IPHONEOS_DEPLOYMENT_TARGET = 18.5;
				MARKETING_VERSION = 1.0;
				PRODUCT_BUNDLE_IDENTIFIER = com.appvantagestech.TaskFlowAITests;
				PRODUCT_NAME = "$(TARGET_NAME)";
				SWIFT_EMIT_LOC_STRINGS = NO;
				SWIFT_VERSION = 5.0;
				TARGETED_DEVICE_FAMILY = "1,2";
				TEST_HOST = "$(BUILT_PRODUCTS_DIR)/TaskFlowAI.app/$(BUNDLE_EXECUTABLE_FOLDER_PATH)/TaskFlowAI";
			};
			name = Release;
		};
		8AA56F362E6028F90006BC35 /* Debug */ = {
			isa = XCBuildConfiguration;
			buildSettings = {
				CODE_SIGN_STYLE = Automatic;
				CURRENT_PROJECT_VERSION = 1;
				DEVELOPMENT_TEAM = VKJ7JDRX46;
				GENERATE_INFOPLIST_FILE = YES;
				MARKETING_VERSION = 1.0;
				PRODUCT_BUNDLE_IDENTIFIER = com.appvantagestech.TaskFlowAIUITests;
				PRODUCT_NAME = "$(TARGET_NAME)";
				SWIFT_EMIT_LOC_STRINGS = NO;
				SWIFT_VERSION = 5.0;
				TARGETED_DEVICE_FAMILY = "1,2";
				TEST_TARGET_NAME = TaskFlowAI;
			};
			name = Debug;
		};
		8AA56F372E6028F90006BC35 /* Release */ = {
			isa = XCBuildConfiguration;
			buildSettings = {
				CODE_SIGN_STYLE = Automatic;
				CURRENT_PROJECT_VERSION = 1;
				DEVELOPMENT_TEAM = VKJ7JDRX46;
				GENERATE_INFOPLIST_FILE = YES;
				MARKETING_VERSION = 1.0;
				PRODUCT_BUNDLE_IDENTIFIER = com.appvantagestech.TaskFlowAIUITests;
				PRODUCT_NAME = "$(TARGET_NAME)";
				SWIFT_EMIT_LOC_STRINGS = NO;
				SWIFT_VERSION = 5.0;
				TARGETED_DEVICE_FAMILY = "1,2";
				TEST_TARGET_NAME = TaskFlowAI;
			};
			name = Release;
		};
/* End XCBuildConfiguration section */

/* Begin XCConfigurationList section */
		8AA56F092E6028F70006BC35 /* Build configuration list for PBXProject "TaskFlowAI" */ = {
			isa = XCConfigurationList;
			buildConfigurations = (
				8AA56F2D2E6028F90006BC35 /* Debug */,
				8AA56F2E2E6028F90006BC35 /* Release */,
			);
			defaultConfigurationIsVisible = 0;
			defaultConfigurationName = Release;
		};
		8AA56F2F2E6028F90006BC35 /* Build configuration list for PBXNativeTarget "TaskFlowAI" */ = {
			isa = XCConfigurationList;
			buildConfigurations = (
				8AA56F302E6028F90006BC35 /* Debug */,
				8AA56F312E6028F90006BC35 /* Release */,
			);
			defaultConfigurationIsVisible = 0;
			defaultConfigurationName = Release;
		};
		8AA56F322E6028F90006BC35 /* Build configuration list for PBXNativeTarget "TaskFlowAITests" */ = {
			isa = XCConfigurationList;
			buildConfigurations = (
				8AA56F332E6028F90006BC35 /* Debug */,
				8AA56F342E6028F90006BC35 /* Release */,
			);
			defaultConfigurationIsVisible = 0;
			defaultConfigurationName = Release;
		};
		8AA56F352E6028F90006BC35 /* Build configuration list for PBXNativeTarget "TaskFlowAIUITests" */ = {
			isa = XCConfigurationList;
			buildConfigurations = (
				8AA56F362E6028F90006BC35 /* Debug */,
				8AA56F372E6028F90006BC35 /* Release */,
			);
			defaultConfigurationIsVisible = 0;
			defaultConfigurationName = Release;
		};
/* End XCConfigurationList section */
	};
	rootObject = 8AA56F062E6028F70006BC35 /* Project object */;
}
